
Microsoft Visual Studio Solution File, Format Version 12.00
Project("{FAE04EC0-301F-11D3-BF4B-00C04F79EFBC}") = "CESI-CI-CD", "CESI-CI-CD\CESI-CI-CD.csproj", "{CDCAD60E-54F9-46D5-8282-EE055C03423B}"
EndProject
Project("{FAE04EC0-301F-11D3-BF4B-00C04F79EFBC}") = "CESI-CI-CD.ApiService", "CESI-CI-CD.ApiService\CESI-CI-CD.ApiService.csproj", "{4266BA06-5ECE-4542-BE85-956E774DB9BA}"
EndProject
Project("{FAE04EC0-301F-11D3-BF4B-00C04F79EFBC}") = "CESI-CI-CD.ApiService.Tests", "CESI-CI-CD.ApiService.Tests\CESI-CI-CD.ApiService.Tests.csproj", "{1A6790AC-37BA-4659-9D33-7677D7E99D57}"
EndProject
Project("{FAE04EC0-301F-11D3-BF4B-00C04F79EFBC}") = "CESI-CI-CD.IdentityService", "CESI-CI-CD.IdentityService\CESI-CI-CD.IdentityService.csproj", "{1DE6B7EF-207B-40CF-BB63-FF84147E9788}"
EndProject
Global
	GlobalSection(SolutionConfigurationPlatforms) = preSolution
		Debug|Any CPU = Debug|Any CPU
		Debug|x64 = Debug|x64
		Debug|x86 = Debug|x86
		Release|Any CPU = Release|Any CPU
		Release|x64 = Release|x64
		Release|x86 = Release|x86
	EndGlobalSection
	GlobalSection(ProjectConfigurationPlatforms) = postSolution
		{CDCAD60E-54F9-46D5-8282-EE055C03423B}.Debug|Any CPU.ActiveCfg = Debug|Any CPU
		{CDCAD60E-54F9-46D5-8282-EE055C03423B}.Debug|Any CPU.Build.0 = Debug|Any CPU
		{CDCAD60E-54F9-46D5-8282-EE055C03423B}.Debug|x64.ActiveCfg = Debug|Any CPU
		{CDCAD60E-54F9-46D5-8282-EE055C03423B}.Debug|x64.Build.0 = Debug|Any CPU
		{CDCAD60E-54F9-46D5-8282-EE055C03423B}.Debug|x86.ActiveCfg = Debug|Any CPU
		{CDCAD60E-54F9-46D5-8282-EE055C03423B}.Debug|x86.Build.0 = Debug|Any CPU
		{CDCAD60E-54F9-46D5-8282-EE055C03423B}.Release|Any CPU.ActiveCfg = Release|Any CPU
		{CDCAD60E-54F9-46D5-8282-EE055C03423B}.Release|Any CPU.Build.0 = Release|Any CPU
		{CDCAD60E-54F9-46D5-8282-EE055C03423B}.Release|x64.ActiveCfg = Release|Any CPU
		{CDCAD60E-54F9-46D5-8282-EE055C03423B}.Release|x64.Build.0 = Release|Any CPU
		{CDCAD60E-54F9-46D5-8282-EE055C03423B}.Release|x86.ActiveCfg = Release|Any CPU
		{CDCAD60E-54F9-46D5-8282-EE055C03423B}.Release|x86.Build.0 = Release|Any CPU
		{4266BA06-5ECE-4542-BE85-956E774DB9BA}.Debug|Any CPU.ActiveCfg = Debug|Any CPU
		{4266BA06-5ECE-4542-BE85-956E774DB9BA}.Debug|Any CPU.Build.0 = Debug|Any CPU
		{4266BA06-5ECE-4542-BE85-956E774DB9BA}.Debug|x64.ActiveCfg = Debug|Any CPU
		{4266BA06-5ECE-4542-BE85-956E774DB9BA}.Debug|x64.Build.0 = Debug|Any CPU
		{4266BA06-5ECE-4542-BE85-956E774DB9BA}.Debug|x86.ActiveCfg = Debug|Any CPU
		{4266BA06-5ECE-4542-BE85-956E774DB9BA}.Debug|x86.Build.0 = Debug|Any CPU
		{4266BA06-5ECE-4542-BE85-956E774DB9BA}.Release|Any CPU.ActiveCfg = Release|Any CPU
		{4266BA06-5ECE-4542-BE85-956E774DB9BA}.Release|Any CPU.Build.0 = Release|Any CPU
		{4266BA06-5ECE-4542-BE85-956E774DB9BA}.Release|x64.ActiveCfg = Release|Any CPU
		{4266BA06-5ECE-4542-BE85-956E774DB9BA}.Release|x64.Build.0 = Release|Any CPU
		{4266BA06-5ECE-4542-BE85-956E774DB9BA}.Release|x86.ActiveCfg = Release|Any CPU
		{4266BA06-5ECE-4542-BE85-956E774DB9BA}.Release|x86.Build.0 = Release|Any CPU
		{1A6790AC-37BA-4659-9D33-7677D7E99D57}.Debug|Any CPU.ActiveCfg = Debug|Any CPU
		{1A6790AC-37BA-4659-9D33-7677D7E99D57}.Debug|Any CPU.Build.0 = Debug|Any CPU
		{1A6790AC-37BA-4659-9D33-7677D7E99D57}.Debug|x64.ActiveCfg = Debug|Any CPU
		{1A6790AC-37BA-4659-9D33-7677D7E99D57}.Debug|x64.Build.0 = Debug|Any CPU
		{1A6790AC-37BA-4659-9D33-7677D7E99D57}.Debug|x86.ActiveCfg = Debug|Any CPU
		{1A6790AC-37BA-4659-9D33-7677D7E99D57}.Debug|x86.Build.0 = Debug|Any CPU
		{1A6790AC-37BA-4659-9D33-7677D7E99D57}.Release|Any CPU.ActiveCfg = Release|Any CPU
		{1A6790AC-37BA-4659-9D33-7677D7E99D57}.Release|Any CPU.Build.0 = Release|Any CPU
		{1A6790AC-37BA-4659-9D33-7677D7E99D57}.Release|x64.ActiveCfg = Release|Any CPU
		{1A6790AC-37BA-4659-9D33-7677D7E99D57}.Release|x64.Build.0 = Release|Any CPU
		{1A6790AC-37BA-4659-9D33-7677D7E99D57}.Release|x86.ActiveCfg = Release|Any CPU
		{1A6790AC-37BA-4659-9D33-7677D7E99D57}.Release|x86.Build.0 = Release|Any CPU
		{1DE6B7EF-207B-40CF-BB63-FF84147E9788}.Debug|Any CPU.ActiveCfg = Debug|Any CPU
		{1DE6B7EF-207B-40CF-BB63-FF84147E9788}.Debug|Any CPU.Build.0 = Debug|Any CPU
		{1DE6B7EF-207B-40CF-BB63-FF84147E9788}.Debug|x64.ActiveCfg = Debug|Any CPU
		{1DE6B7EF-207B-40CF-BB63-FF84147E9788}.Debug|x64.Build.0 = Debug|Any CPU
		{1DE6B7EF-207B-40CF-BB63-FF84147E9788}.Debug|x86.ActiveCfg = Debug|Any CPU
		{1DE6B7EF-207B-40CF-BB63-FF84147E9788}.Debug|x86.Build.0 = Debug|Any CPU
		{1DE6B7EF-207B-40CF-BB63-FF84147E9788}.Release|Any CPU.ActiveCfg = Release|Any CPU
		{1DE6B7EF-207B-40CF-BB63-FF84147E9788}.Release|Any CPU.Build.0 = Release|Any CPU
		{1DE6B7EF-207B-40CF-BB63-FF84147E9788}.Release|x64.ActiveCfg = Release|Any CPU
		{1DE6B7EF-207B-40CF-BB63-FF84147E9788}.Release|x64.Build.0 = Release|Any CPU
		{1DE6B7EF-207B-40CF-BB63-FF84147E9788}.Release|x86.ActiveCfg = Release|Any CPU
		{1DE6B7EF-207B-40CF-BB63-FF84147E9788}.Release|x86.Build.0 = Release|Any CPU
	EndGlobalSection
	GlobalSection(SolutionProperties) = preSolution
		HideSolutionNode = FALSE
	EndGlobalSection
EndGlobal
